// !$*UTF8*$!
{
	archiveVersion = 1;
	classes = {
	};
	objectVersion = 46;
	objects = {

/* Begin PBXBuildFile section */
		B7B76F561F333995001959D4 /* main.m in Sources */ = {isa = PBXBuildFile; fileRef = B7B76F551F333995001959D4 /* main.m */; };
		B7B76F591F333995001959D4 /* AppDelegate.m in Sources */ = {isa = PBXBuildFile; fileRef = B7B76F581F333995001959D4 /* AppDelegate.m */; };
		B7B76F5C1F333995001959D4 /* ViewController.m in Sources */ = {isa = PBXBuildFile; fileRef = B7B76F5B1F333995001959D4 /* ViewController.m */; };
		B7B76F5F1F333995001959D4 /* Main.storyboard in Resources */ = {isa = PBXBuildFile; fileRef = B7B76F5D1F333995001959D4 /* Main.storyboard */; };
		B7B76F611F333995001959D4 /* Assets.xcassets in Resources */ = {isa = PBXBuildFile; fileRef = B7B76F601F333995001959D4 /* Assets.xcassets */; };
		B7B76F641F333995001959D4 /* LaunchScreen.storyboard in Resources */ = {isa = PBXBuildFile; fileRef = B7B76F621F333995001959D4 /* LaunchScreen.storyboard */; };
		B7B76F6F1F333995001959D4 /* YochiNavigationBarTests.m in Sources */ = {isa = PBXBuildFile; fileRef = B7B76F6E1F333995001959D4 /* YochiNavigationBarTests.m */; };
		B7B76F7E1F3339D3001959D4 /* YochiImageHelper.m in Sources */ = {isa = PBXBuildFile; fileRef = B7B76F7B1F3339D3001959D4 /* YochiImageHelper.m */; };
		B7B76F7F1F3339D3001959D4 /* YochiNavigationBar.m in Sources */ = {isa = PBXBuildFile; fileRef = B7B76F7D1F3339D3001959D4 /* YochiNavigationBar.m */; };
/* End PBXBuildFile section */

/* Begin PBXContainerItemProxy section */
		B7B76F6B1F333995001959D4 /* PBXContainerItemProxy */ = {
			isa = PBXContainerItemProxy;
			containerPortal = B7B76F491F333995001959D4 /* Project object */;
			proxyType = 1;
			remoteGlobalIDString = B7B76F501F333995001959D4;
			remoteInfo = YochiNavigationBar;
		};
/* End PBXContainerItemProxy section */

/* Begin PBXFileReference section */
		B7B76F511F333995001959D4 /* YochiNavigationBar.app */ = {isa = PBXFileReference; explicitFileType = wrapper.application; includeInIndex = 0; path = YochiNavigationBar.app; sourceTree = BUILT_PRODUCTS_DIR; };
		B7B76F551F333995001959D4 /* main.m */ = {isa = PBXFileReference; lastKnownFileType = sourcecode.c.objc; path = main.m; sourceTree = "<group>"; };
		B7B76F571F333995001959D4 /* AppDelegate.h */ = {isa = PBXFileReference; lastKnownFileType = sourcecode.c.h; path = AppDelegate.h; sourceTree = "<group>"; };
		B7B76F581F333995001959D4 /* AppDelegate.m */ = {isa = PBXFileReference; lastKnownFileType = sourcecode.c.objc; path = AppDelegate.m; sourceTree = "<group>"; };
		B7B76F5A1F333995001959D4 /* ViewController.h */ = {isa = PBXFileReference; lastKnownFileType = sourcecode.c.h; path = ViewController.h; sourceTree = "<group>"; };
		B7B76F5B1F333995001959D4 /* ViewController.m */ = {isa = PBXFileReference; lastKnownFileType = sourcecode.c.objc; path = ViewController.m; sourceTree = "<group>"; };
		B7B76F5E1F333995001959D4 /* Base */ = {isa = PBXFileReference; lastKnownFileType = file.storyboard; name = Base; path = Base.lproj/Main.storyboard; sourceTree = "<group>"; };
		B7B76F601F333995001959D4 /* Assets.xcassets */ = {isa = PBXFileReference; lastKnownFileType = folder.assetcatalog; path = Assets.xcassets; sourceTree = "<group>"; };
		B7B76F631F333995001959D4 /* Base */ = {isa = PBXFileReference; lastKnownFileType = file.storyboard; name = Base; path = Base.lproj/LaunchScreen.storyboard; sourceTree = "<group>"; };
		B7B76F651F333995001959D4 /* Info.plist */ = {isa = PBXFileReference; lastKnownFileType = text.plist.xml; path = Info.plist; sourceTree = "<group>"; };
		B7B76F6A1F333995001959D4 /* YochiNavigationBarTests.xctest */ = {isa = PBXFileReference; explicitFileType = wrapper.cfbundle; includeInIndex = 0; path = YochiNavigationBarTests.xctest; sourceTree = BUILT_PRODUCTS_DIR; };
		B7B76F6E1F333995001959D4 /* YochiNavigationBarTests.m */ = {isa = PBXFileReference; lastKnownFileType = sourcecode.c.objc; path = YochiNavigationBarTests.m; sourceTree = "<group>"; };
		B7B76F701F333995001959D4 /* Info.plist */ = {isa = PBXFileReference; lastKnownFileType = text.plist.xml; path = Info.plist; sourceTree = "<group>"; };
		B7B76F7A1F3339D3001959D4 /* YochiImageHelper.h */ = {isa = PBXFileReference; fileEncoding = 4; lastKnownFileType = sourcecode.c.h; path = YochiImageHelper.h; sourceTree = "<group>"; };
		B7B76F7B1F3339D3001959D4 /* YochiImageHelper.m */ = {isa = PBXFileReference; fileEncoding = 4; lastKnownFileType = sourcecode.c.objc; path = YochiImageHelper.m; sourceTree = "<group>"; };
		B7B76F7C1F3339D3001959D4 /* YochiNavigationBar.h */ = {isa = PBXFileReference; fileEncoding = 4; lastKnownFileType = sourcecode.c.h; path = YochiNavigationBar.h; sourceTree = "<group>"; };
		B7B76F7D1F3339D3001959D4 /* YochiNavigationBar.m */ = {isa = PBXFileReference; fileEncoding = 4; lastKnownFileType = sourcecode.c.objc; path = YochiNavigationBar.m; sourceTree = "<group>"; };
/* End PBXFileReference section */

/* Begin PBXFrameworksBuildPhase section */
		B7B76F4E1F333995001959D4 /* Frameworks */ = {
			isa = PBXFrameworksBuildPhase;
			buildActionMask = 2147483647;
			files = (
			);
			runOnlyForDeploymentPostprocessing = 0;
		};
		B7B76F671F333995001959D4 /* Frameworks */ = {
			isa = PBXFrameworksBuildPhase;
			buildActionMask = 2147483647;
			files = (
			);
			runOnlyForDeploymentPostprocessing = 0;
		};
/* End PBXFrameworksBuildPhase section */

/* Begin PBXGroup section */
		B7B76F481F333995001959D4 = {
			isa = PBXGroup;
			children = (
				B7B76F531F333995001959D4 /* YochiNavigationBar */,
				B7B76F6D1F333995001959D4 /* YochiNavigationBarTests */,
				B7B76F521F333995001959D4 /* Products */,
			);
			sourceTree = "<group>";
		};
		B7B76F521F333995001959D4 /* Products */ = {
			isa = PBXGroup;
			children = (
				B7B76F511F333995001959D4 /* YochiNavigationBar.app */,
				B7B76F6A1F333995001959D4 /* YochiNavigationBarTests.xctest */,
			);
			name = Products;
			sourceTree = "<group>";
		};
		B7B76F531F333995001959D4 /* YochiNavigationBar */ = {
			isa = PBXGroup;
			children = (
				B7B76F791F3339D3001959D4 /* YochiNavigationBar */,
				B7B76F571F333995001959D4 /* AppDelegate.h */,
				B7B76F581F333995001959D4 /* AppDelegate.m */,
				B7B76F5A1F333995001959D4 /* ViewController.h */,
				B7B76F5B1F333995001959D4 /* ViewController.m */,
				B7B76F5D1F333995001959D4 /* Main.storyboard */,
				B7B76F601F333995001959D4 /* Assets.xcassets */,
				B7B76F621F333995001959D4 /* LaunchScreen.storyboard */,
				B7B76F651F333995001959D4 /* Info.plist */,
				B7B76F541F333995001959D4 /* Supporting Files */,
			);
			path = YochiNavigationBar;
			sourceTree = "<group>";
		};
		B7B76F541F333995001959D4 /* Supporting Files */ = {
			isa = PBXGroup;
			children = (
				B7B76F551F333995001959D4 /* main.m */,
			);
			name = "Supporting Files";
			sourceTree = "<group>";
		};
		B7B76F6D1F333995001959D4 /* YochiNavigationBarTests */ = {
			isa = PBXGroup;
			children = (
				B7B76F6E1F333995001959D4 /* YochiNavigationBarTests.m */,
				B7B76F701F333995001959D4 /* Info.plist */,
			);
			path = YochiNavigationBarTests;
			sourceTree = "<group>";
		};
		B7B76F791F3339D3001959D4 /* YochiNavigationBar */ = {
			isa = PBXGroup;
			children = (
				B7B76F7A1F3339D3001959D4 /* YochiImageHelper.h */,
				B7B76F7B1F3339D3001959D4 /* YochiImageHelper.m */,
				B7B76F7C1F3339D3001959D4 /* YochiNavigationBar.h */,
				B7B76F7D1F3339D3001959D4 /* YochiNavigationBar.m */,
			);
			path = YochiNavigationBar;
			sourceTree = "<group>";
		};
/* End PBXGroup section */

/* Begin PBXNativeTarget section */
		B7B76F501F333995001959D4 /* YochiNavigationBar */ = {
			isa = PBXNativeTarget;
			buildConfigurationList = B7B76F731F333995001959D4 /* Build configuration list for PBXNativeTarget "YochiNavigationBar" */;
			buildPhases = (
				B7B76F4D1F333995001959D4 /* Sources */,
				B7B76F4E1F333995001959D4 /* Frameworks */,
				B7B76F4F1F333995001959D4 /* Resources */,
			);
			buildRules = (
			);
			dependencies = (
			);
			name = YochiNavigationBar;
			productName = YochiNavigationBar;
			productReference = B7B76F511F333995001959D4 /* YochiNavigationBar.app */;
			productType = "com.apple.product-type.application";
		};
		B7B76F691F333995001959D4 /* YochiNavigationBarTests */ = {
			isa = PBXNativeTarget;
			buildConfigurationList = B7B76F761F333995001959D4 /* Build configuration list for PBXNativeTarget "YochiNavigationBarTests" */;
			buildPhases = (
				B7B76F661F333995001959D4 /* Sources */,
				B7B76F671F333995001959D4 /* Frameworks */,
				B7B76F681F333995001959D4 /* Resources */,
			);
			buildRules = (
			);
			dependencies = (
				B7B76F6C1F333995001959D4 /* PBXTargetDependency */,
			);
			name = YochiNavigationBarTests;
			productName = YochiNavigationBarTests;
			productReference = B7B76F6A1F333995001959D4 /* YochiNavigationBarTests.xctest */;
			productType = "com.apple.product-type.bundle.unit-test";
		};
/* End PBXNativeTarget section */

/* Begin PBXProject section */
		B7B76F491F333995001959D4 /* Project object */ = {
			isa = PBXProject;
			attributes = {
				LastUpgradeCheck = 0830;
				ORGANIZATIONNAME = gongyouqiang;
				TargetAttributes = {
					B7B76F501F333995001959D4 = {
						CreatedOnToolsVersion = 8.3.3;
						DevelopmentTeam = 229U5KUWGH;
						ProvisioningStyle = Automatic;
					};
					B7B76F691F333995001959D4 = {
						CreatedOnToolsVersion = 8.3.3;
						DevelopmentTeam = 229U5KUWGH;
						ProvisioningStyle = Automatic;
						TestTargetID = B7B76F501F333995001959D4;
					};
				};
			};
			buildConfigurationList = B7B76F4C1F333995001959D4 /* Build configuration list for PBXProject "YochiNavigationBar" */;
			compatibilityVersion = "Xcode 3.2";
			developmentRegion = English;
			hasScannedForEncodings = 0;
			knownRegions = (
				en,
				Base,
			);
			mainGroup = B7B76F481F333995001959D4;
			productRefGroup = B7B76F521F333995001959D4 /* Products */;
			projectDirPath = "";
			projectRoot = "";
			targets = (
				B7B76F501F333995001959D4 /* YochiNavigationBar */,
				B7B76F691F333995001959D4 /* YochiNavigationBarTests */,
			);
		};
/* End PBXProject section */

/* Begin PBXResourcesBuildPhase section */
		B7B76F4F1F333995001959D4 /* Resources */ = {
			isa = PBXResourcesBuildPhase;
			buildActionMask = 2147483647;
			files = (
				B7B76F641F333995001959D4 /* LaunchScreen.storyboard in Resources */,
				B7B76F611F333995001959D4 /* Assets.xcassets in Resources */,
				B7B76F5F1F333995001959D4 /* Main.storyboard in Resources */,
			);
			runOnlyForDeploymentPostprocessing = 0;
		};
		B7B76F681F333995001959D4 /* Resources */ = {
			isa = PBXResourcesBuildPhase;
			buildActionMask = 2147483647;
			files = (
			);
			runOnlyForDeploymentPostprocessing = 0;
		};
/* End PBXResourcesBuildPhase section */

/* Begin PBXSourcesBuildPhase section */
		B7B76F4D1F333995001959D4 /* Sources */ = {
			isa = PBXSourcesBuildPhase;
			buildActionMask = 2147483647;
			files = (
				B7B76F7E1F3339D3001959D4 /* YochiImageHelper.m in Sources */,
				B7B76F5C1F333995001959D4 /* ViewController.m in Sources */,
				B7B76F7F1F3339D3001959D4 /* YochiNavigationBar.m in Sources */,
				B7B76F591F333995001959D4 /* AppDelegate.m in Sources */,
				B7B76F561F333995001959D4 /* main.m in Sources */,
			);
			runOnlyForDeploymentPostprocessing = 0;
		};
		B7B76F661F333995001959D4 /* Sources */ = {
			isa = PBXSourcesBuildPhase;
			buildActionMask = 2147483647;
			files = (
				B7B76F6F1F333995001959D4 /* YochiNavigationBarTests.m in Sources */,
			);
			runOnlyForDeploymentPostprocessing = 0;
		};
/* End PBXSourcesBuildPhase section */

/* Begin PBXTargetDependency section */
		B7B76F6C1F333995001959D4 /* PBXTargetDependency */ = {
			isa = PBXTargetDependency;
			target = B7B76F501F333995001959D4 /* YochiNavigationBar */;
			targetProxy = B7B76F6B1F333995001959D4 /* PBXContainerItemProxy */;
		};
/* End PBXTargetDependency section */

/* Begin PBXVariantGroup section */
		B7B76F5D1F333995001959D4 /* Main.storyboard */ = {
			isa = PBXVariantGroup;
			children = (
				B7B76F5E1F333995001959D4 /* Base */,
			);
			name = Main.storyboard;
			sourceTree = "<group>";
		};
		B7B76F621F333995001959D4 /* LaunchScreen.storyboard */ = {
			isa = PBXVariantGroup;
			children = (
				B7B76F631F333995001959D4 /* Base */,
			);
			name = LaunchScreen.storyboard;
			sourceTree = "<group>";
		};
/* End PBXVariantGroup section */

/* Begin XCBuildConfiguration section */
		B7B76F711F333995001959D4 /* Debug */ = {
			isa = XCBuildConfiguration;
			buildSettings = {
				ALWAYS_SEARCH_USER_PATHS = NO;
				CLANG_ANALYZER_NONNULL = YES;
				CLANG_ANALYZER_NUMBER_OBJECT_CONVERSION = YES_AGGRESSIVE;
				CLANG_CXX_LANGUAGE_STANDARD = "gnu++0x";
				CLANG_CXX_LIBRARY = "libc++";
				CLANG_ENABLE_MODULES = YES;
				CLANG_ENABLE_OBJC_ARC = YES;
				CLANG_WARN_BOOL_CONVERSION = YES;
				CLANG_WARN_CONSTANT_CONVERSION = YES;
				CLANG_WARN_DIRECT_OBJC_ISA_USAGE = YES_ERROR;
				CLANG_WARN_DOCUMENTATION_COMMENTS = YES;
				CLANG_WARN_EMPTY_BODY = YES;
				CLANG_WARN_ENUM_CONVERSION = YES;
				CLANG_WARN_INFINITE_RECURSION = YES;
				CLANG_WARN_INT_CONVERSION = YES;
				CLANG_WARN_OBJC_ROOT_CLASS = YES_ERROR;
				CLANG_WARN_SUSPICIOUS_MOVE = YES;
				CLANG_WARN_UNREACHABLE_CODE = YES;
				CLANG_WARN__DUPLICATE_METHOD_MATCH = YES;
				"CODE_SIGN_IDENTITY[sdk=iphoneos*]" = "iPhone Developer";
				COPY_PHASE_STRIP = NO;
				DEBUG_INFORMATION_FORMAT = dwarf;
				ENABLE_STRICT_OBJC_MSGSEND = YES;
				ENABLE_TESTABILITY = YES;
				GCC_C_LANGUAGE_STANDARD = gnu99;
				GCC_DYNAMIC_NO_PIC = NO;
				GCC_NO_COMMON_BLOCKS = YES;
				GCC_OPTIMIZATION_LEVEL = 0;
				GCC_PREPROCESSOR_DEFINITIONS = (
					"DEBUG=1",
					"$(inherited)",
				);
				GCC_WARN_64_TO_32_BIT_CONVERSION = YES;
				GCC_WARN_ABOUT_RETURN_TYPE = YES_ERROR;
				GCC_WARN_UNDECLARED_SELECTOR = YES;
				GCC_WARN_UNINITIALIZED_AUTOS = YES_AGGRESSIVE;
				GCC_WARN_UNUSED_FUNCTION = YES;
				GCC_WARN_UNUSED_VARIABLE = YES;
				IPHONEOS_DEPLOYMENT_TARGET = 10.3;
				MTL_ENABLE_DEBUG_INFO = YES;
				ONLY_ACTIVE_ARCH = YES;
				SDKROOT = iphoneos;
				TARGETED_DEVICE_FAMILY = "1,2";
			};
			name = Debug;
		};
		B7B76F721F333995001959D4 /* Release */ = {
			isa = XCBuildConfiguration;
			buildSettings = {
				ALWAYS_SEARCH_USER_PATHS = NO;
				CLANG_ANALYZER_NONNULL = YES;
				CLANG_ANALYZER_NUMBER_OBJECT_CONVERSION = YES_AGGRESSIVE;
				CLANG_CXX_LANGUAGE_STANDARD = "gnu++0x";
				CLANG_CXX_LIBRARY = "libc++";
				CLANG_ENABLE_MODULES = YES;
				CLANG_ENABLE_OBJC_ARC = YES;
				CLANG_WARN_BOOL_CONVERSION = YES;
				CLANG_WARN_CONSTANT_CONVERSION = YES;
				CLANG_WARN_DIRECT_OBJC_ISA_USAGE = YES_ERROR;
				CLANG_WARN_DOCUMENTATION_COMMENTS = YES;
				CLANG_WARN_EMPTY_BODY = YES;
				CLANG_WARN_ENUM_CONVERSION = YES;
				CLANG_WARN_INFINITE_RECURSION = YES;
				CLANG_WARN_INT_CONVERSION = YES;
				CLANG_WARN_OBJC_ROOT_CLASS = YES_ERROR;
				CLANG_WARN_SUSPICIOUS_MOVE = YES;
				CLANG_WARN_UNREACHABLE_CODE = YES;
				CLANG_WARN__DUPLICATE_METHOD_MATCH = YES;
				"CODE_SIGN_IDENTITY[sdk=iphoneos*]" = "iPhone Developer";
				COPY_PHASE_STRIP = NO;
				DEBUG_INFORMATION_FORMAT = "dwarf-with-dsym";
				ENABLE_NS_ASSERTIONS = NO;
				ENABLE_STRICT_OBJC_MSGSEND = YES;
				GCC_C_LANGUAGE_STANDARD = gnu99;
				GCC_NO_COMMON_BLOCKS = YES;
				GCC_WARN_64_TO_32_BIT_CONVERSION = YES;
				GCC_WARN_ABOUT_RETURN_TYPE = YES_ERROR;
				GCC_WARN_UNDECLARED_SELECTOR = YES;
				GCC_WARN_UNINITIALIZED_AUTOS = YES_AGGRESSIVE;
				GCC_WARN_UNUSED_FUNCTION = YES;
				GCC_WARN_UNUSED_VARIABLE = YES;
				IPHONEOS_DEPLOYMENT_TARGET = 10.3;
				MTL_ENABLE_DEBUG_INFO = NO;
				SDKROOT = iphoneos;
				TARGETED_DEVICE_FAMILY = "1,2";
				VALIDATE_PRODUCT = YES;
			};
			name = Release;
		};
		B7B76F741F333995001959D4 /* Debug */ = {
			isa = XCBuildConfiguration;
			buildSettings = {
				ASSETCATALOG_COMPILER_APPICON_NAME = AppIcon;
				DEVELOPMENT_TEAM = 229U5KUWGH;
				INFOPLIST_FILE = YochiNavigationBar/Info.plist;
				IPHONEOS_DEPLOYMENT_TARGET = 8.0;
				LD_RUNPATH_SEARCH_PATHS = "$(inherited) @executable_path/Frameworks";
				PRODUCT_BUNDLE_IDENTIFIER = com.Yochi.YochiNavigationBar;
				PRODUCT_NAME = "$(TARGET_NAME)";
			};
			name = Debug;
		};
		B7B76F751F333995001959D4 /* Release */ = {
			isa = XCBuildConfiguration;
			buildSettings = {
				ASSETCATALOG_COMPILER_APPICON_NAME = AppIcon;
				DEVELOPMENT_TEAM = 229U5KUWGH;
				INFOPLIST_FILE = YochiNavigationBar/Info.plist;
				IPHONEOS_DEPLOYMENT_TARGET = 8.0;
				LD_RUNPATH_SEARCH_PATHS = "$(inherited) @executable_path/Frameworks";
				PRODUCT_BUNDLE_IDENTIFIER = com.Yochi.YochiNavigationBar;
				PRODUCT_NAME = "$(TARGET_NAME)";
			};
			name = Release;
		};
		B7B76F771F333995001959D4 /* Debug */ = {
			isa = XCBuildConfiguration;
			buildSettings = {
				BUNDLE_LOADER = "$(TEST_HOST)";
				DEVELOPMENT_TEAM = 229U5KUWGH;
				INFOPLIST_FILE = YochiNavigationBarTests/Info.plist;
				LD_RUNPATH_SEARCH_PATHS = "$(inherited) @executable_path/Frameworks @loader_path/Frameworks";
				PRODUCT_BUNDLE_IDENTIFIER = com.Yochi.YochiNavigationBarTests;
				PRODUCT_NAME = "$(TARGET_NAME)";
				TEST_HOST = "$(BUILT_PRODUCTS_DIR)/YochiNavigationBar.app/YochiNavigationBar";
			};
			name = Debug;
		};
		B7B76F781F333995001959D4 /* Release */ = {
			isa = XCBuildConfiguration;
			buildSettings = {
				BUNDLE_LOADER = "$(TEST_HOST)";
				DEVELOPMENT_TEAM = 229U5KUWGH;
				INFOPLIST_FILE = YochiNavigationBarTests/Info.plist;
				LD_RUNPATH_SEARCH_PATHS = "$(inherited) @executable_path/Frameworks @loader_path/Frameworks";
				PRODUCT_BUNDLE_IDENTIFIER = com.Yochi.YochiNavigationBarTests;
				PRODUCT_NAME = "$(TARGET_NAME)";
				TEST_HOST = "$(BUILT_PRODUCTS_DIR)/YochiNavigationBar.app/YochiNavigationBar";
			};
			name = Release;
		};
/* End XCBuildConfiguration section */

/* Begin XCConfigurationList section */
		B7B76F4C1F333995001959D4 /* Build configuration list for PBXProject "YochiNavigationBar" */ = {
			isa = XCConfigurationList;
			buildConfigurations = (
				B7B76F711F333995001959D4 /* Debug */,
				B7B76F721F333995001959D4 /* Release */,
			);
			defaultConfigurationIsVisible = 0;
			defaultConfigurationName = Release;
		};
		B7B76F731F333995001959D4 /* Build configuration list for PBXNativeTarget "YochiNavigationBar" */ = {
			isa = XCConfigurationList;
			buildConfigurations = (
				B7B76F741F333995001959D4 /* Debug */,
				B7B76F751F333995001959D4 /* Release */,
			);
			defaultConfigurationIsVisible = 0;
			defaultConfigurationName = Release;
		};
		B7B76F761F333995001959D4 /* Build configuration list for PBXNativeTarget "YochiNavigationBarTests" */ = {
			isa = XCConfigurationList;
			buildConfigurations = (
				B7B76F771F333995001959D4 /* Debug */,
				B7B76F781F333995001959D4 /* Release */,
			);
			defaultConfigurationIsVisible = 0;
			defaultConfigurationName = Release;
		};
/* End XCConfigurationList section */
	};
	rootObject = B7B76F491F333995001959D4 /* Project object */;
}
